
Microsoft Visual Studio Solution File, Format Version 12.00
# Visual Studio Version 17
VisualStudioVersion = 17.3.32804.467
MinimumVisualStudioVersion = 10.0.40219.1
Project("{FAE04EC0-301F-11D3-BF4B-00C04F79EFBC}") = "redakcni system", "redakcni system\redakcni system.csproj", "{2435C940-E12E-425B-9EF6-C74F6430275E}"
EndProject
Global
	GlobalSection(SolutionConfigurationPlatforms) = preSolution
		Debug|Any CPU = Debug|Any CPU
		Release|Any CPU = Release|Any CPU
	EndGlobalSection
	GlobalSection(ProjectConfigurationPlatforms) = postSolution
		{2435C940-E12E-425B-9EF6-C74F6430275E}.Debug|Any CPU.ActiveCfg = Debug|Any CPU
		{2435C940-E12E-425B-9EF6-C74F6430275E}.Debug|Any CPU.Build.0 = Debug|Any CPU
		{2435C940-E12E-425B-9EF6-C74F6430275E}.Release|Any CPU.ActiveCfg = Release|Any CPU
		{2435C940-E12E-425B-9EF6-C74F6430275E}.Release|Any CPU.Build.0 = Release|Any CPU
	EndGlobalSection
	GlobalSection(SolutionProperties) = preSolution
		HideSolutionNode = FALSE
	EndGlobalSection
	GlobalSection(ExtensibilityGlobals) = postSolution
		SolutionGuid = {D5342C06-ABEF-4A06-B853-F3C35224C953}
	EndGlobalSection
EndGlobal
